
Microsoft Visual Studio Solution File, Format Version 12.00
# Visual Studio Version 17
VisualStudioVersion = 17.6.33723.286
MinimumVisualStudioVersion = 10.0.40219.1
Project("{9A19103F-16F7-4668-BE54-9A1E7A4F7556}") = "Practice.BuilderDesignPattern.After", "Practice.BuilderDesignPattern.After\Practice.BuilderDesignPattern.After.csproj", "{C7E3A48A-CDFB-439D-AFD3-7F085296AAF6}"
EndProject
Project("{9A19103F-16F7-4668-BE54-9A1E7A4F7556}") = "Practice.BuilderDesignPattern.Before", "Practice.BuilderDesignPattern.Before\Practice.BuilderDesignPattern.Before.csproj", "{D63436FE-BCD4-4622-B442-FDB4E615A910}"
EndProject
Global
	GlobalSection(SolutionConfigurationPlatforms) = preSolution
		Debug|Any CPU = Debug|Any CPU
		Release|Any CPU = Release|Any CPU
	EndGlobalSection
	GlobalSection(ProjectConfigurationPlatforms) = postSolution
		{C7E3A48A-CDFB-439D-AFD3-7F085296AAF6}.Debug|Any CPU.ActiveCfg = Debug|Any CPU
		{C7E3A48A-CDFB-439D-AFD3-7F085296AAF6}.Debug|Any CPU.Build.0 = Debug|Any CPU
		{C7E3A48A-CDFB-439D-AFD3-7F085296AAF6}.Release|Any CPU.ActiveCfg = Release|Any CPU
		{C7E3A48A-CDFB-439D-AFD3-7F085296AAF6}.Release|Any CPU.Build.0 = Release|Any CPU
		{D63436FE-BCD4-4622-B442-FDB4E615A910}.Debug|Any CPU.ActiveCfg = Debug|Any CPU
		{D63436FE-BCD4-4622-B442-FDB4E615A910}.Debug|Any CPU.Build.0 = Debug|Any CPU
		{D63436FE-BCD4-4622-B442-FDB4E615A910}.Release|Any CPU.ActiveCfg = Release|Any CPU
		{D63436FE-BCD4-4622-B442-FDB4E615A910}.Release|Any CPU.Build.0 = Release|Any CPU
	EndGlobalSection
	GlobalSection(SolutionProperties) = preSolution
		HideSolutionNode = FALSE
	EndGlobalSection
	GlobalSection(ExtensibilityGlobals) = postSolution
		SolutionGuid = {58D3CAC9-7EDE-40C8-BEF5-4EB96271B3ED}
	EndGlobalSection
EndGlobal
